// !$*UTF8*$!
{
	archiveVersion = 1;
	classes = {
	};
	objectVersion = 50;
	objects = {

/* Begin PBXBuildFile section */
		408C0FA320F45D7B006662AF /* AppDelegate.m in Sources */ = {isa = PBXBuildFile; fileRef = 408C0FA220F45D7B006662AF /* AppDelegate.m */; };
		408C0FA620F45D7B006662AF /* ViewController.m in Sources */ = {isa = PBXBuildFile; fileRef = 408C0FA520F45D7B006662AF /* ViewController.m */; };
		408C0FA920F45D7B006662AF /* Main.storyboard in Resources */ = {isa = PBXBuildFile; fileRef = 408C0FA720F45D7B006662AF /* Main.storyboard */; };
		408C0FAB20F45D7C006662AF /* Assets.xcassets in Resources */ = {isa = PBXBuildFile; fileRef = 408C0FAA20F45D7C006662AF /* Assets.xcassets */; };
		408C0FAE20F45D7C006662AF /* LaunchScreen.storyboard in Resources */ = {isa = PBXBuildFile; fileRef = 408C0FAC20F45D7C006662AF /* LaunchScreen.storyboard */; };
		408C0FB120F45D7C006662AF /* main.m in Sources */ = {isa = PBXBuildFile; fileRef = 408C0FB020F45D7C006662AF /* main.m */; };
/* End PBXBuildFile section */

/* Begin PBXFileReference section */
		408C0F9E20F45D7B006662AF /* reactnativeLibrary.app */ = {isa = PBXFileReference; explicitFileType = wrapper.application; includeInIndex = 0; path = reactnativeLibrary.app; sourceTree = BUILT_PRODUCTS_DIR; };
		408C0FA120F45D7B006662AF /* AppDelegate.h */ = {isa = PBXFileReference; lastKnownFileType = sourcecode.c.h; path = AppDelegate.h; sourceTree = "<group>"; };
		408C0FA220F45D7B006662AF /* AppDelegate.m */ = {isa = PBXFileReference; lastKnownFileType = sourcecode.c.objc; path = AppDelegate.m; sourceTree = "<group>"; };
		408C0FA420F45D7B006662AF /* ViewController.h */ = {isa = PBXFileReference; lastKnownFileType = sourcecode.c.h; path = ViewController.h; sourceTree = "<group>"; };
		408C0FA520F45D7B006662AF /* ViewController.m */ = {isa = PBXFileReference; lastKnownFileType = sourcecode.c.objc; path = ViewController.m; sourceTree = "<group>"; };
		408C0FA820F45D7B006662AF /* Base */ = {isa = PBXFileReference; lastKnownFileType = file.storyboard; name = Base; path = Base.lproj/Main.storyboard; sourceTree = "<group>"; };
		408C0FAA20F45D7C006662AF /* Assets.xcassets */ = {isa = PBXFileReference; lastKnownFileType = folder.assetcatalog; path = Assets.xcassets; sourceTree = "<group>"; };
		408C0FAD20F45D7C006662AF /* Base */ = {isa = PBXFileReference; lastKnownFileType = file.storyboard; name = Base; path = Base.lproj/LaunchScreen.storyboard; sourceTree = "<group>"; };
		408C0FAF20F45D7C006662AF /* Info.plist */ = {isa = PBXFileReference; lastKnownFileType = text.plist.xml; path = Info.plist; sourceTree = "<group>"; };
		408C0FB020F45D7C006662AF /* main.m */ = {isa = PBXFileReference; lastKnownFileType = sourcecode.c.objc; path = main.m; sourceTree = "<group>"; };
/* End PBXFileReference section */

/* Begin PBXFrameworksBuildPhase section */
		408C0F9B20F45D7B006662AF /* Frameworks */ = {
			isa = PBXFrameworksBuildPhase;
			buildActionMask = 2147483647;
			files = (
			);
			runOnlyForDeploymentPostprocessing = 0;
		};
/* End PBXFrameworksBuildPhase section */

/* Begin PBXGroup section */
		408C0F9520F45D7B006662AF = {
			isa = PBXGroup;
			children = (
				408C0FA020F45D7B006662AF /* reactnativeLibrary */,
				408C0F9F20F45D7B006662AF /* Products */,
			);
			sourceTree = "<group>";
		};
		408C0F9F20F45D7B006662AF /* Products */ = {
			isa = PBXGroup;
			children = (
				408C0F9E20F45D7B006662AF /* reactnativeLibrary.app */,
			);
			name = Products;
			sourceTree = "<group>";
		};
		408C0FA020F45D7B006662AF /* reactnativeLibrary */ = {
			isa = PBXGroup;
			children = (
				408C0FA120F45D7B006662AF /* AppDelegate.h */,
				408C0FA220F45D7B006662AF /* AppDelegate.m */,
				408C0FA420F45D7B006662AF /* ViewController.h */,
				408C0FA520F45D7B006662AF /* ViewController.m */,
				408C0FA720F45D7B006662AF /* Main.storyboard */,
				408C0FAA20F45D7C006662AF /* Assets.xcassets */,
				408C0FAC20F45D7C006662AF /* LaunchScreen.storyboard */,
				408C0FAF20F45D7C006662AF /* Info.plist */,
				408C0FB020F45D7C006662AF /* main.m */,
			);
			path = reactnativeLibrary;
			sourceTree = "<group>";
		};
/* End PBXGroup section */

/* Begin PBXNativeTarget section */
		408C0F9D20F45D7B006662AF /* reactnativeLibrary */ = {
			isa = PBXNativeTarget;
			buildConfigurationList = 408C0FB420F45D7C006662AF /* Build configuration list for PBXNativeTarget "reactnativeLibrary" */;
			buildPhases = (
				408C0F9A20F45D7B006662AF /* Sources */,
				408C0F9B20F45D7B006662AF /* Frameworks */,
				408C0F9C20F45D7B006662AF /* Resources */,
			);
			buildRules = (
			);
			dependencies = (
			);
			name = reactnativeLibrary;
			productName = reactnativeLibrary;
			productReference = 408C0F9E20F45D7B006662AF /* reactnativeLibrary.app */;
			productType = "com.apple.product-type.application";
		};
/* End PBXNativeTarget section */

/* Begin PBXProject section */
		408C0F9620F45D7B006662AF /* Project object */ = {
			isa = PBXProject;
			attributes = {
				LastUpgradeCheck = 0930;
				ORGANIZATIONNAME = suixingpay;
				TargetAttributes = {
					408C0F9D20F45D7B006662AF = {
						CreatedOnToolsVersion = 9.3;
					};
				};
			};
			buildConfigurationList = 408C0F9920F45D7B006662AF /* Build configuration list for PBXProject "reactnativeLibrary" */;
			compatibilityVersion = "Xcode 9.3";
			developmentRegion = en;
			hasScannedForEncodings = 0;
			knownRegions = (
				en,
				Base,
			);
			mainGroup = 408C0F9520F45D7B006662AF;
			productRefGroup = 408C0F9F20F45D7B006662AF /* Products */;
			projectDirPath = "";
			projectRoot = "";
			targets = (
				408C0F9D20F45D7B006662AF /* reactnativeLibrary */,
			);
		};
/* End PBXProject section */

/* Begin PBXResourcesBuildPhase section */
		408C0F9C20F45D7B006662AF /* Resources */ = {
			isa = PBXResourcesBuildPhase;
			buildActionMask = 2147483647;
			files = (
				408C0FAE20F45D7C006662AF /* LaunchScreen.storyboard in Resources */,
				408C0FAB20F45D7C006662AF /* Assets.xcassets in Resources */,
				408C0FA920F45D7B006662AF /* Main.storyboard in Resources */,
			);
			runOnlyForDeploymentPostprocessing = 0;
		};
/* End PBXResourcesBuildPhase section */

/* Begin PBXSourcesBuildPhase section */
		408C0F9A20F45D7B006662AF /* Sources */ = {
			isa = PBXSourcesBuildPhase;
			buildActionMask = 2147483647;
			files = (
				408C0FA620F45D7B006662AF /* ViewController.m in Sources */,
				408C0FB120F45D7C006662AF /* main.m in Sources */,
				408C0FA320F45D7B006662AF /* AppDelegate.m in Sources */,
			);
			runOnlyForDeploymentPostprocessing = 0;
		};
/* End PBXSourcesBuildPhase section */

/* Begin PBXVariantGroup section */
		408C0FA720F45D7B006662AF /* Main.storyboard */ = {
			isa = PBXVariantGroup;
			children = (
				408C0FA820F45D7B006662AF /* Base */,
			);
			name = Main.storyboard;
			sourceTree = "<group>";
		};
		408C0FAC20F45D7C006662AF /* LaunchScreen.storyboard */ = {
			isa = PBXVariantGroup;
			children = (
				408C0FAD20F45D7C006662AF /* Base */,
			);
			name = LaunchScreen.storyboard;
			sourceTree = "<group>";
		};
/* End PBXVariantGroup section */

/* Begin XCBuildConfiguration section */
		408C0FB220F45D7C006662AF /* Debug */ = {
			isa = XCBuildConfiguration;
			buildSettings = {
				ALWAYS_SEARCH_USER_PATHS = NO;
				CLANG_ANALYZER_NONNULL = YES;
				CLANG_ANALYZER_NUMBER_OBJECT_CONVERSION = YES_AGGRESSIVE;
				CLANG_CXX_LANGUAGE_STANDARD = "gnu++14";
				CLANG_CXX_LIBRARY = "libc++";
				CLANG_ENABLE_MODULES = YES;
				CLANG_ENABLE_OBJC_ARC = YES;
				CLANG_ENABLE_OBJC_WEAK = YES;
				CLANG_WARN_BLOCK_CAPTURE_AUTORELEASING = YES;
				CLANG_WARN_BOOL_CONVERSION = YES;
				CLANG_WARN_COMMA = YES;
				CLANG_WARN_CONSTANT_CONVERSION = YES;
				CLANG_WARN_DEPRECATED_OBJC_IMPLEMENTATIONS = YES;
				CLANG_WARN_DIRECT_OBJC_ISA_USAGE = YES_ERROR;
				CLANG_WARN_DOCUMENTATION_COMMENTS = YES;
				CLANG_WARN_EMPTY_BODY = YES;
				CLANG_WARN_ENUM_CONVERSION = YES;
				CLANG_WARN_INFINITE_RECURSION = YES;
				CLANG_WARN_INT_CONVERSION = YES;
				CLANG_WARN_NON_LITERAL_NULL_CONVERSION = YES;
				CLANG_WARN_OBJC_IMPLICIT_RETAIN_SELF = YES;
				CLANG_WARN_OBJC_LITERAL_CONVERSION = YES;
				CLANG_WARN_OBJC_ROOT_CLASS = YES_ERROR;
				CLANG_WARN_RANGE_LOOP_ANALYSIS = YES;
				CLANG_WARN_STRICT_PROTOTYPES = YES;
				CLANG_WARN_SUSPICIOUS_MOVE = YES;
				CLANG_WARN_UNGUARDED_AVAILABILITY = YES_AGGRESSIVE;
				CLANG_WARN_UNREACHABLE_CODE = YES;
				CLANG_WARN__DUPLICATE_METHOD_MATCH = YES;
				CODE_SIGN_IDENTITY = "iPhone Developer";
				COPY_PHASE_STRIP = NO;
				DEBUG_INFORMATION_FORMAT = dwarf;
				ENABLE_STRICT_OBJC_MSGSEND = YES;
				ENABLE_TESTABILITY = YES;
				GCC_C_LANGUAGE_STANDARD = gnu11;
				GCC_DYNAMIC_NO_PIC = NO;
				GCC_NO_COMMON_BLOCKS = YES;
				GCC_OPTIMIZATION_LEVEL = 0;
				GCC_PREPROCESSOR_DEFINITIONS = (
					"DEBUG=1",
					"$(inherited)",
				);
				GCC_WARN_64_TO_32_BIT_CONVERSION = YES;
				GCC_WARN_ABOUT_RETURN_TYPE = YES_ERROR;
				GCC_WARN_UNDECLARED_SELECTOR = YES;
				GCC_WARN_UNINITIALIZED_AUTOS = YES_AGGRESSIVE;
				GCC_WARN_UNUSED_FUNCTION = YES;
				GCC_WARN_UNUSED_VARIABLE = YES;
				IPHONEOS_DEPLOYMENT_TARGET = 11.3;
				MTL_ENABLE_DEBUG_INFO = YES;
				ONLY_ACTIVE_ARCH = YES;
				SDKROOT = iphoneos;
			};
			name = Debug;
		};
		408C0FB320F45D7C006662AF /* Release */ = {
			isa = XCBuildConfiguration;
			buildSettings = {
				ALWAYS_SEARCH_USER_PATHS = NO;
				CLANG_ANALYZER_NONNULL = YES;
				CLANG_ANALYZER_NUMBER_OBJECT_CONVERSION = YES_AGGRESSIVE;
				CLANG_CXX_LANGUAGE_STANDARD = "gnu++14";
				CLANG_CXX_LIBRARY = "libc++";
				CLANG_ENABLE_MODULES = YES;
				CLANG_ENABLE_OBJC_ARC = YES;
				CLANG_ENABLE_OBJC_WEAK = YES;
				CLANG_WARN_BLOCK_CAPTURE_AUTORELEASING = YES;
				CLANG_WARN_BOOL_CONVERSION = YES;
				CLANG_WARN_COMMA = YES;
				CLANG_WARN_CONSTANT_CONVERSION = YES;
				CLANG_WARN_DEPRECATED_OBJC_IMPLEMENTATIONS = YES;
				CLANG_WARN_DIRECT_OBJC_ISA_USAGE = YES_ERROR;
				CLANG_WARN_DOCUMENTATION_COMMENTS = YES;
				CLANG_WARN_EMPTY_BODY = YES;
				CLANG_WARN_ENUM_CONVERSION = YES;
				CLANG_WARN_INFINITE_RECURSION = YES;
				CLANG_WARN_INT_CONVERSION = YES;
				CLANG_WARN_NON_LITERAL_NULL_CONVERSION = YES;
				CLANG_WARN_OBJC_IMPLICIT_RETAIN_SELF = YES;
				CLANG_WARN_OBJC_LITERAL_CONVERSION = YES;
				CLANG_WARN_OBJC_ROOT_CLASS = YES_ERROR;
				CLANG_WARN_RANGE_LOOP_ANALYSIS = YES;
				CLANG_WARN_STRICT_PROTOTYPES = YES;
				CLANG_WARN_SUSPICIOUS_MOVE = YES;
				CLANG_WARN_UNGUARDED_AVAILABILITY = YES_AGGRESSIVE;
				CLANG_WARN_UNREACHABLE_CODE = YES;
				CLANG_WARN__DUPLICATE_METHOD_MATCH = YES;
				CODE_SIGN_IDENTITY = "iPhone Developer";
				COPY_PHASE_STRIP = NO;
				DEBUG_INFORMATION_FORMAT = "dwarf-with-dsym";
				ENABLE_NS_ASSERTIONS = NO;
				ENABLE_STRICT_OBJC_MSGSEND = YES;
				GCC_C_LANGUAGE_STANDARD = gnu11;
				GCC_NO_COMMON_BLOCKS = YES;
				GCC_WARN_64_TO_32_BIT_CONVERSION = YES;
				GCC_WARN_ABOUT_RETURN_TYPE = YES_ERROR;
				GCC_WARN_UNDECLARED_SELECTOR = YES;
				GCC_WARN_UNINITIALIZED_AUTOS = YES_AGGRESSIVE;
				GCC_WARN_UNUSED_FUNCTION = YES;
				GCC_WARN_UNUSED_VARIABLE = YES;
				IPHONEOS_DEPLOYMENT_TARGET = 11.3;
				MTL_ENABLE_DEBUG_INFO = NO;
				SDKROOT = iphoneos;
				VALIDATE_PRODUCT = YES;
			};
			name = Release;
		};
		408C0FB520F45D7C006662AF /* Debug */ = {
			isa = XCBuildConfiguration;
			buildSettings = {
				ASSETCATALOG_COMPILER_APPICON_NAME = AppIcon;
				CODE_SIGN_STYLE = Automatic;
				INFOPLIST_FILE = reactnativeLibrary/Info.plist;
				LD_RUNPATH_SEARCH_PATHS = (
					"$(inherited)",
					"@executable_path/Frameworks",
				);
				PRODUCT_BUNDLE_IDENTIFIER = com.suixingpay.testmposrn.reactnativeLibrary;
				PRODUCT_NAME = "$(TARGET_NAME)";
				TARGETED_DEVICE_FAMILY = "1,2";
			};
			name = Debug;
		};
		408C0FB620F45D7C006662AF /* Release */ = {
			isa = XCBuildConfiguration;
			buildSettings = {
				ASSETCATALOG_COMPILER_APPICON_NAME = AppIcon;
				CODE_SIGN_STYLE = Automatic;
				INFOPLIST_FILE = reactnativeLibrary/Info.plist;
				LD_RUNPATH_SEARCH_PATHS = (
					"$(inherited)",
					"@executable_path/Frameworks",
				);
				PRODUCT_BUNDLE_IDENTIFIER = com.suixingpay.testmposrn.reactnativeLibrary;
				PRODUCT_NAME = "$(TARGET_NAME)";
				TARGETED_DEVICE_FAMILY = "1,2";
			};
			name = Release;
		};
/* End XCBuildConfiguration section */

/* Begin XCConfigurationList section */
		408C0F9920F45D7B006662AF /* Build configuration list for PBXProject "reactnativeLibrary" */ = {
			isa = XCConfigurationList;
			buildConfigurations = (
				408C0FB220F45D7C006662AF /* Debug */,
				408C0FB320F45D7C006662AF /* Release */,
			);
			defaultConfigurationIsVisible = 0;
			defaultConfigurationName = Release;
		};
		408C0FB420F45D7C006662AF /* Build configuration list for PBXNativeTarget "reactnativeLibrary" */ = {
			isa = XCConfigurationList;
			buildConfigurations = (
				408C0FB520F45D7C006662AF /* Debug */,
				408C0FB620F45D7C006662AF /* Release */,
			);
			defaultConfigurationIsVisible = 0;
			defaultConfigurationName = Release;
		};
/* End XCConfigurationList section */
	};
	rootObject = 408C0F9620F45D7B006662AF /* Project object */;
}
